# THIS IS AN AUTOGENERATED FILE. DO NOT EDIT THIS FILE DIRECTLY.
# yarn lockfile v1


"@fontsource/ibm-plex-mono@^4.5.13":
  version "4.5.13"
  resolved "https://registry.yarnpkg.com/@fontsource/ibm-plex-mono/-/ibm-plex-mono-4.5.13.tgz#f91559ab3b5074a8e2db75c0370b9640e80c99b2"
  integrity sha512-KAE7X2LgCV4X6p7vj1h2phRnhPX4YUa8FBAB0Jj9xW7Q+p+k2ce4HEAMJJ2RFHI075ClgQx+KZuDBNuiKgp5yw==
